
Microsoft Visual Studio Solution File, Format Version 12.00
# Visual Studio Version 17
VisualStudioVersion = 17.14.36017.23 d17.14
MinimumVisualStudioVersion = 10.0.40219.1
Project("{FAE04EC0-301F-11D3-BF4B-00C04F79EFBC}") = "WorkFlowEngine.Api", "WorkFlowEngine\WorkFlowEngine.Api.csproj", "{1AE4246F-E9B0-0B28-5042-38F6ED4E7472}"
EndProject
Project("{FAE04EC0-301F-11D3-BF4B-00C04F79EFBC}") = "WorkFlowEngine.Application", "WorkFlowEngine.Application\WorkFlowEngine.Application.csproj", "{FD88C419-F5DF-482D-F9AC-AA69C91B099F}"
EndProject
Project("{FAE04EC0-301F-11D3-BF4B-00C04F79EFBC}") = "WorkFlowEngine.Domain", "WorkFlowEngine.Domain\WorkFlowEngine.Domain.csproj", "{02035390-F1B6-BAC0-6797-64D719F2B97F}"
EndProject
Project("{FAE04EC0-301F-11D3-BF4B-00C04F79EFBC}") = "WorkFlowEngine.Infrastructure", "WorkFlowEngine.Infrastructure\WorkFlowEngine.Infrastructure.csproj", "{3B274444-BA06-188A-1BB0-E4668D4415F0}"
EndProject
Project("{FAE04EC0-301F-11D3-BF4B-00C04F79EFBC}") = "WorkFlowEngine.Shared", "WorkFlowEngine.Shared\WorkFlowEngine.Shared.csproj", "{E36E8C45-9C32-A91E-F02E-0E3D3D3A78EF}"
EndProject
Global
	GlobalSection(SolutionConfigurationPlatforms) = preSolution
		Debug|Any CPU = Debug|Any CPU
		Release|Any CPU = Release|Any CPU
	EndGlobalSection
	GlobalSection(ProjectConfigurationPlatforms) = postSolution
		{1AE4246F-E9B0-0B28-5042-38F6ED4E7472}.Debug|Any CPU.ActiveCfg = Debug|Any CPU
		{1AE4246F-E9B0-0B28-5042-38F6ED4E7472}.Debug|Any CPU.Build.0 = Debug|Any CPU
		{1AE4246F-E9B0-0B28-5042-38F6ED4E7472}.Release|Any CPU.ActiveCfg = Release|Any CPU
		{1AE4246F-E9B0-0B28-5042-38F6ED4E7472}.Release|Any CPU.Build.0 = Release|Any CPU
		{FD88C419-F5DF-482D-F9AC-AA69C91B099F}.Debug|Any CPU.ActiveCfg = Debug|Any CPU
		{FD88C419-F5DF-482D-F9AC-AA69C91B099F}.Debug|Any CPU.Build.0 = Debug|Any CPU
		{FD88C419-F5DF-482D-F9AC-AA69C91B099F}.Release|Any CPU.ActiveCfg = Release|Any CPU
		{FD88C419-F5DF-482D-F9AC-AA69C91B099F}.Release|Any CPU.Build.0 = Release|Any CPU
		{02035390-F1B6-BAC0-6797-64D719F2B97F}.Debug|Any CPU.ActiveCfg = Debug|Any CPU
		{02035390-F1B6-BAC0-6797-64D719F2B97F}.Debug|Any CPU.Build.0 = Debug|Any CPU
		{02035390-F1B6-BAC0-6797-64D719F2B97F}.Release|Any CPU.ActiveCfg = Release|Any CPU
		{02035390-F1B6-BAC0-6797-64D719F2B97F}.Release|Any CPU.Build.0 = Release|Any CPU
		{3B274444-BA06-188A-1BB0-E4668D4415F0}.Debug|Any CPU.ActiveCfg = Debug|Any CPU
		{3B274444-BA06-188A-1BB0-E4668D4415F0}.Debug|Any CPU.Build.0 = Debug|Any CPU
		{3B274444-BA06-188A-1BB0-E4668D4415F0}.Release|Any CPU.ActiveCfg = Release|Any CPU
		{3B274444-BA06-188A-1BB0-E4668D4415F0}.Release|Any CPU.Build.0 = Release|Any CPU
		{E36E8C45-9C32-A91E-F02E-0E3D3D3A78EF}.Debug|Any CPU.ActiveCfg = Debug|Any CPU
		{E36E8C45-9C32-A91E-F02E-0E3D3D3A78EF}.Debug|Any CPU.Build.0 = Debug|Any CPU
		{E36E8C45-9C32-A91E-F02E-0E3D3D3A78EF}.Release|Any CPU.ActiveCfg = Release|Any CPU
		{E36E8C45-9C32-A91E-F02E-0E3D3D3A78EF}.Release|Any CPU.Build.0 = Release|Any CPU
	EndGlobalSection
	GlobalSection(SolutionProperties) = preSolution
		HideSolutionNode = FALSE
	EndGlobalSection
	GlobalSection(ExtensibilityGlobals) = postSolution
		SolutionGuid = {147C6900-FE6A-4293-B4AA-825691D18385}
	EndGlobalSection
EndGlobal
